
Microsoft Visual Studio Solution File, Format Version 12.00
# Visual Studio Version 16
VisualStudioVersion = 16.0.28922.388
MinimumVisualStudioVersion = 10.0.40219.1
Project("{FAE04EC0-301F-11D3-BF4B-00C04F79EFBC}") = "TTGL_Survivor", "TTGL_Survivor.csproj", "{430E6366-0822-41F3-AF32-26186B133A14}"
EndProject
Global
	GlobalSection(SolutionConfigurationPlatforms) = preSolution
		Debug|Any CPU = Debug|Any CPU
		Release|Any CPU = Release|Any CPU
	EndGlobalSection
	GlobalSection(ProjectConfigurationPlatforms) = postSolution
		{430E6366-0822-41F3-AF32-26186B133A14}.Debug|Any CPU.ActiveCfg = Debug|Any CPU
		{430E6366-0822-41F3-AF32-26186B133A14}.Debug|Any CPU.Build.0 = Debug|Any CPU
		{430E6366-0822-41F3-AF32-26186B133A14}.Release|Any CPU.ActiveCfg = Release|Any CPU
		{430E6366-0822-41F3-AF32-26186B133A14}.Release|Any CPU.Build.0 = Release|Any CPU
	EndGlobalSection
	GlobalSection(SolutionProperties) = preSolution
		HideSolutionNode = FALSE
	EndGlobalSection
	GlobalSection(ExtensibilityGlobals) = postSolution
		SolutionGuid = {BABFA789-C141-42D9-9B16-4D0B7C2FB35E}
	EndGlobalSection
EndGlobal
